// !$*UTF8*$!
{
	archiveVersion = 1;
	classes = {
	};
	objectVersion = 55;
	objects = {

/* Begin PBXBuildFile section */
		246A37C9281032D600B39A62 /* MemoryLeakTests.cpp in Sources */ = {isa = PBXBuildFile; fileRef = 246A37C8281032D600B39A62 /* MemoryLeakTests.cpp */; };
		24C92C10281317CA0025D391 /* libMemoryLeaksTracker_d.a in Frameworks */ = {isa = PBXBuildFile; fileRef = 246A37D72810382C00B39A62 /* libMemoryLeaksTracker_d.a */; };
/* End PBXBuildFile section */

/* Begin PBXContainerItemProxy section */
		246A37D62810382C00B39A62 /* PBXContainerItemProxy */ = {
			isa = PBXContainerItemProxy;
			containerPortal = 246A37D22810382C00B39A62 /* MemoryLeaksTracker.xcodeproj */;
			proxyType = 2;
			remoteGlobalIDString = 5F420F587A8C888261517598;
			remoteInfo = MemoryLeaksTracker;
		};
		24C92C0E281315A00025D391 /* PBXContainerItemProxy */ = {
			isa = PBXContainerItemProxy;
			containerPortal = 246A37D22810382C00B39A62 /* MemoryLeaksTracker.xcodeproj */;
			proxyType = 1;
			remoteGlobalIDString = F0D2FF3E4EBDFB281F6E9D7E;
			remoteInfo = MemoryLeaksTracker;
		};
/* End PBXContainerItemProxy section */

/* Begin PBXCopyFilesBuildPhase section */
		246A37BC281032B500B39A62 /* CopyFiles */ = {
			isa = PBXCopyFilesBuildPhase;
			buildActionMask = 2147483647;
			dstPath = /usr/share/man/man1/;
			dstSubfolderSpec = 0;
			files = (
			);
			runOnlyForDeploymentPostprocessing = 1;
		};
/* End PBXCopyFilesBuildPhase section */

/* Begin PBXFileReference section */
		246A37BE281032B500B39A62 /* MemoryLeakTests */ = {isa = PBXFileReference; explicitFileType = "compiled.mach-o.executable"; includeInIndex = 0; path = MemoryLeakTests; sourceTree = BUILT_PRODUCTS_DIR; };
		246A37C8281032D600B39A62 /* MemoryLeakTests.cpp */ = {isa = PBXFileReference; fileEncoding = 4; lastKnownFileType = sourcecode.cpp.cpp; path = MemoryLeakTests.cpp; sourceTree = "<group>"; };
		246A37D22810382C00B39A62 /* MemoryLeaksTracker.xcodeproj */ = {isa = PBXFileReference; lastKnownFileType = "wrapper.pb-project"; name = MemoryLeaksTracker.xcodeproj; path = ../../prj/xcode4/macos/MemoryLeaksTracker.xcodeproj; sourceTree = "<group>"; };
/* End PBXFileReference section */

/* Begin PBXFrameworksBuildPhase section */
		246A37BB281032B500B39A62 /* Frameworks */ = {
			isa = PBXFrameworksBuildPhase;
			buildActionMask = 2147483647;
			files = (
				24C92C10281317CA0025D391 /* libMemoryLeaksTracker_d.a in Frameworks */,
			);
			runOnlyForDeploymentPostprocessing = 0;
		};
/* End PBXFrameworksBuildPhase section */

/* Begin PBXGroup section */
		246A37B5281032B500B39A62 = {
			isa = PBXGroup;
			children = (
				24C92C062812C4F80025D391 /* Dependencies */,
				246A37C8281032D600B39A62 /* MemoryLeakTests.cpp */,
				246A37BF281032B500B39A62 /* Products */,
				246A37DA2810389700B39A62 /* Frameworks */,
			);
			sourceTree = "<group>";
		};
		246A37BF281032B500B39A62 /* Products */ = {
			isa = PBXGroup;
			children = (
				246A37BE281032B500B39A62 /* MemoryLeakTests */,
			);
			name = Products;
			sourceTree = "<group>";
		};
		246A37D32810382C00B39A62 /* Products */ = {
			isa = PBXGroup;
			children = (
				246A37D72810382C00B39A62 /* libMemoryLeaksTracker_d.a */,
			);
			name = Products;
			sourceTree = "<group>";
		};
		246A37DA2810389700B39A62 /* Frameworks */ = {
			isa = PBXGroup;
			children = (
			);
			name = Frameworks;
			sourceTree = "<group>";
		};
		24C92C062812C4F80025D391 /* Dependencies */ = {
			isa = PBXGroup;
			children = (
				246A37D22810382C00B39A62 /* MemoryLeaksTracker.xcodeproj */,
			);
			name = Dependencies;
			sourceTree = "<group>";
		};
/* End PBXGroup section */

/* Begin PBXNativeTarget section */
		246A37BD281032B500B39A62 /* MemoryLeakTests */ = {
			isa = PBXNativeTarget;
			buildConfigurationList = 246A37C5281032B600B39A62 /* Build configuration list for PBXNativeTarget "MemoryLeakTests" */;
			buildPhases = (
				246A37BA281032B500B39A62 /* Sources */,
				246A37BB281032B500B39A62 /* Frameworks */,
				246A37BC281032B500B39A62 /* CopyFiles */,
			);
			buildRules = (
			);
			dependencies = (
				24C92C0F281315A00025D391 /* PBXTargetDependency */,
			);
			name = MemoryLeakTests;
			productName = MemoryLeakTests;
			productReference = 246A37BE281032B500B39A62 /* MemoryLeakTests */;
			productType = "com.apple.product-type.tool";
		};
/* End PBXNativeTarget section */

/* Begin PBXProject section */
		246A37B6281032B500B39A62 /* Project object */ = {
			isa = PBXProject;
			attributes = {
				BuildIndependentTargetsInParallel = 1;
				LastUpgradeCheck = 1330;
				TargetAttributes = {
					246A37BD281032B500B39A62 = {
						CreatedOnToolsVersion = 13.3.1;
					};
				};
			};
			buildConfigurationList = 246A37B9281032B500B39A62 /* Build configuration list for PBXProject "MemoryLeakTests" */;
			compatibilityVersion = "Xcode 13.0";
			developmentRegion = en;
			hasScannedForEncodings = 0;
			knownRegions = (
				en,
				Base,
			);
			mainGroup = 246A37B5281032B500B39A62;
			productRefGroup = 246A37BF281032B500B39A62 /* Products */;
			projectDirPath = "";
			projectReferences = (
				{
					ProductGroup = 246A37D32810382C00B39A62 /* Products */;
					ProjectRef = 246A37D22810382C00B39A62 /* MemoryLeaksTracker.xcodeproj */;
				},
			);
			projectRoot = "";
			targets = (
				246A37BD281032B500B39A62 /* MemoryLeakTests */,
			);
		};
/* End PBXProject section */

/* Begin PBXReferenceProxy section */
		246A37D72810382C00B39A62 /* libMemoryLeaksTracker_d.a */ = {
			isa = PBXReferenceProxy;
			fileType = archive.ar;
			path = libMemoryLeaksTracker_d.a;
			remoteRef = 246A37D62810382C00B39A62 /* PBXContainerItemProxy */;
			sourceTree = BUILT_PRODUCTS_DIR;
		};
/* End PBXReferenceProxy section */

/* Begin PBXSourcesBuildPhase section */
		246A37BA281032B500B39A62 /* Sources */ = {
			isa = PBXSourcesBuildPhase;
			buildActionMask = 2147483647;
			files = (
				246A37C9281032D600B39A62 /* MemoryLeakTests.cpp in Sources */,
			);
			runOnlyForDeploymentPostprocessing = 0;
		};
/* End PBXSourcesBuildPhase section */

/* Begin PBXTargetDependency section */
		24C92C0F281315A00025D391 /* PBXTargetDependency */ = {
			isa = PBXTargetDependency;
			name = MemoryLeaksTracker;
			targetProxy = 24C92C0E281315A00025D391 /* PBXContainerItemProxy */;
		};
/* End PBXTargetDependency section */

/* Begin XCBuildConfiguration section */
		246A37C3281032B600B39A62 /* Debug */ = {
			isa = XCBuildConfiguration;
			buildSettings = {
				ALWAYS_SEARCH_USER_PATHS = NO;
				CLANG_ANALYZER_NONNULL = YES;
				CLANG_ANALYZER_NUMBER_OBJECT_CONVERSION = YES_AGGRESSIVE;
				CLANG_CXX_LANGUAGE_STANDARD = "c++0x";
				CLANG_ENABLE_MODULES = YES;
				CLANG_ENABLE_OBJC_ARC = YES;
				CLANG_ENABLE_OBJC_WEAK = YES;
				CLANG_WARN_BLOCK_CAPTURE_AUTORELEASING = YES;
				CLANG_WARN_BOOL_CONVERSION = YES;
				CLANG_WARN_COMMA = YES;
				CLANG_WARN_CONSTANT_CONVERSION = YES;
				CLANG_WARN_DEPRECATED_OBJC_IMPLEMENTATIONS = YES;
				CLANG_WARN_DIRECT_OBJC_ISA_USAGE = YES_ERROR;
				CLANG_WARN_DOCUMENTATION_COMMENTS = YES;
				CLANG_WARN_EMPTY_BODY = YES;
				CLANG_WARN_ENUM_CONVERSION = YES;
				CLANG_WARN_INFINITE_RECURSION = YES;
				CLANG_WARN_INT_CONVERSION = YES;
				CLANG_WARN_NON_LITERAL_NULL_CONVERSION = YES;
				CLANG_WARN_OBJC_IMPLICIT_RETAIN_SELF = YES;
				CLANG_WARN_OBJC_LITERAL_CONVERSION = YES;
				CLANG_WARN_OBJC_ROOT_CLASS = YES_ERROR;
				CLANG_WARN_QUOTED_INCLUDE_IN_FRAMEWORK_HEADER = YES;
				CLANG_WARN_RANGE_LOOP_ANALYSIS = YES;
				CLANG_WARN_STRICT_PROTOTYPES = YES;
				CLANG_WARN_SUSPICIOUS_MOVE = YES;
				CLANG_WARN_UNGUARDED_AVAILABILITY = YES_AGGRESSIVE;
				CLANG_WARN_UNREACHABLE_CODE = YES;
				CLANG_WARN__DUPLICATE_METHOD_MATCH = YES;
				COPY_PHASE_STRIP = NO;
				DEBUG_INFORMATION_FORMAT = dwarf;
				ENABLE_STRICT_OBJC_MSGSEND = YES;
				ENABLE_TESTABILITY = YES;
				GCC_C_LANGUAGE_STANDARD = gnu11;
				GCC_DYNAMIC_NO_PIC = NO;
				GCC_NO_COMMON_BLOCKS = YES;
				GCC_OPTIMIZATION_LEVEL = 0;
				GCC_PREPROCESSOR_DEFINITIONS = (
					"DEBUG=1",
					"$(inherited)",
				);
				GCC_WARN_64_TO_32_BIT_CONVERSION = YES;
				GCC_WARN_ABOUT_RETURN_TYPE = YES_ERROR;
				GCC_WARN_UNDECLARED_SELECTOR = YES;
				GCC_WARN_UNINITIALIZED_AUTOS = YES_AGGRESSIVE;
				GCC_WARN_UNUSED_FUNCTION = YES;
				GCC_WARN_UNUSED_VARIABLE = YES;
				HEADER_SEARCH_PATHS = ../../include;
				MACOSX_DEPLOYMENT_TARGET = 12.2;
				MTL_ENABLE_DEBUG_INFO = INCLUDE_SOURCE;
				MTL_FAST_MATH = YES;
				ONLY_ACTIVE_ARCH = YES;
				SDKROOT = macosx;
			};
			name = Debug;
		};
		246A37C4281032B600B39A62 /* Release */ = {
			isa = XCBuildConfiguration;
			buildSettings = {
				ALWAYS_SEARCH_USER_PATHS = NO;
				CLANG_ANALYZER_NONNULL = YES;
				CLANG_ANALYZER_NUMBER_OBJECT_CONVERSION = YES_AGGRESSIVE;
				CLANG_CXX_LANGUAGE_STANDARD = "c++0x";
				CLANG_ENABLE_MODULES = YES;
				CLANG_ENABLE_OBJC_ARC = YES;
				CLANG_ENABLE_OBJC_WEAK = YES;
				CLANG_WARN_BLOCK_CAPTURE_AUTORELEASING = YES;
				CLANG_WARN_BOOL_CONVERSION = YES;
				CLANG_WARN_COMMA = YES;
				CLANG_WARN_CONSTANT_CONVERSION = YES;
				CLANG_WARN_DEPRECATED_OBJC_IMPLEMENTATIONS = YES;
				CLANG_WARN_DIRECT_OBJC_ISA_USAGE = YES_ERROR;
				CLANG_WARN_DOCUMENTATION_COMMENTS = YES;
				CLANG_WARN_EMPTY_BODY = YES;
				CLANG_WARN_ENUM_CONVERSION = YES;
				CLANG_WARN_INFINITE_RECURSION = YES;
				CLANG_WARN_INT_CONVERSION = YES;
				CLANG_WARN_NON_LITERAL_NULL_CONVERSION = YES;
				CLANG_WARN_OBJC_IMPLICIT_RETAIN_SELF = YES;
				CLANG_WARN_OBJC_LITERAL_CONVERSION = YES;
				CLANG_WARN_OBJC_ROOT_CLASS = YES_ERROR;
				CLANG_WARN_QUOTED_INCLUDE_IN_FRAMEWORK_HEADER = YES;
				CLANG_WARN_RANGE_LOOP_ANALYSIS = YES;
				CLANG_WARN_STRICT_PROTOTYPES = YES;
				CLANG_WARN_SUSPICIOUS_MOVE = YES;
				CLANG_WARN_UNGUARDED_AVAILABILITY = YES_AGGRESSIVE;
				CLANG_WARN_UNREACHABLE_CODE = YES;
				CLANG_WARN__DUPLICATE_METHOD_MATCH = YES;
				COPY_PHASE_STRIP = NO;
				DEBUG_INFORMATION_FORMAT = "dwarf-with-dsym";
				ENABLE_NS_ASSERTIONS = NO;
				ENABLE_STRICT_OBJC_MSGSEND = YES;
				GCC_C_LANGUAGE_STANDARD = gnu11;
				GCC_NO_COMMON_BLOCKS = YES;
				GCC_WARN_64_TO_32_BIT_CONVERSION = YES;
				GCC_WARN_ABOUT_RETURN_TYPE = YES_ERROR;
				GCC_WARN_UNDECLARED_SELECTOR = YES;
				GCC_WARN_UNINITIALIZED_AUTOS = YES_AGGRESSIVE;
				GCC_WARN_UNUSED_FUNCTION = YES;
				GCC_WARN_UNUSED_VARIABLE = YES;
				HEADER_SEARCH_PATHS = ../../include;
				MACOSX_DEPLOYMENT_TARGET = 12.2;
				MTL_ENABLE_DEBUG_INFO = NO;
				MTL_FAST_MATH = YES;
				SDKROOT = macosx;
			};
			name = Release;
		};
		246A37C6281032B600B39A62 /* Debug */ = {
			isa = XCBuildConfiguration;
			buildSettings = {
				CODE_SIGN_STYLE = Automatic;
				DEVELOPMENT_TEAM = BR67ND9EV8;
				ENABLE_HARDENED_RUNTIME = YES;
				HEADER_SEARCH_PATHS = ../../include;
				MACOSX_DEPLOYMENT_TARGET = 12.2;
				PRODUCT_NAME = "$(TARGET_NAME)";
			};
			name = Debug;
		};
		246A37C7281032B600B39A62 /* Release */ = {
			isa = XCBuildConfiguration;
			buildSettings = {
				CODE_SIGN_STYLE = Automatic;
				DEVELOPMENT_TEAM = BR67ND9EV8;
				ENABLE_HARDENED_RUNTIME = YES;
				HEADER_SEARCH_PATHS = ../../include;
				MACOSX_DEPLOYMENT_TARGET = 12.2;
				PRODUCT_NAME = "$(TARGET_NAME)";
			};
			name = Release;
		};
/* End XCBuildConfiguration section */

/* Begin XCConfigurationList section */
		246A37B9281032B500B39A62 /* Build configuration list for PBXProject "MemoryLeakTests" */ = {
			isa = XCConfigurationList;
			buildConfigurations = (
				246A37C3281032B600B39A62 /* Debug */,
				246A37C4281032B600B39A62 /* Release */,
			);
			defaultConfigurationIsVisible = 0;
			defaultConfigurationName = Release;
		};
		246A37C5281032B600B39A62 /* Build configuration list for PBXNativeTarget "MemoryLeakTests" */ = {
			isa = XCConfigurationList;
			buildConfigurations = (
				246A37C6281032B600B39A62 /* Debug */,
				246A37C7281032B600B39A62 /* Release */,
			);
			defaultConfigurationIsVisible = 0;
			defaultConfigurationName = Release;
		};
/* End XCConfigurationList section */
	};
	rootObject = 246A37B6281032B500B39A62 /* Project object */;
}
